
Microsoft Visual Studio Solution File, Format Version 12.00
# Visual Studio Version 16
VisualStudioVersion = 16.0.30717.126
MinimumVisualStudioVersion = 10.0.40219.1
Project("{FAE04EC0-301F-11D3-BF4B-00C04F79EFBC}") = "LeaderboardPlayersAPI", "LeaderboardPlayersAPI\LeaderboardPlayersAPI.csproj", "{05959EBD-888F-4039-8EE7-A16CB1CC96D9}"
EndProject
Global
	GlobalSection(SolutionConfigurationPlatforms) = preSolution
		Debug|Any CPU = Debug|Any CPU
		Release|Any CPU = Release|Any CPU
	EndGlobalSection
	GlobalSection(ProjectConfigurationPlatforms) = postSolution
		{05959EBD-888F-4039-8EE7-A16CB1CC96D9}.Debug|Any CPU.ActiveCfg = Debug|Any CPU
		{05959EBD-888F-4039-8EE7-A16CB1CC96D9}.Debug|Any CPU.Build.0 = Debug|Any CPU
		{05959EBD-888F-4039-8EE7-A16CB1CC96D9}.Release|Any CPU.ActiveCfg = Release|Any CPU
		{05959EBD-888F-4039-8EE7-A16CB1CC96D9}.Release|Any CPU.Build.0 = Release|Any CPU
	EndGlobalSection
	GlobalSection(SolutionProperties) = preSolution
		HideSolutionNode = FALSE
	EndGlobalSection
	GlobalSection(ExtensibilityGlobals) = postSolution
		SolutionGuid = {0F5993FC-5CDE-4BBC-BF5E-96D97E8A6E54}
	EndGlobalSection
EndGlobal
